
Microsoft Visual Studio Solution File, Format Version 12.00
# Visual Studio Version 16
VisualStudioVersion = 16.0.28803.156
MinimumVisualStudioVersion = 10.0.40219.1
Project("{2150E333-8FDC-42A3-9474-1A3956D46DE8}") = "1. Core", "1. Core", "{B10EC495-D159-47E1-A19C-FDFB0BB13BE6}"
EndProject
Project("{2150E333-8FDC-42A3-9474-1A3956D46DE8}") = "2. Domain", "2. Domain", "{54226D23-E5C5-4B89-BA80-B7BFCC25C49E}"
EndProject
Project("{2150E333-8FDC-42A3-9474-1A3956D46DE8}") = "3. Application", "3. Application", "{9FECD1BE-7817-4F94-B4E9-1E424E391BAB}"
EndProject
Project("{2150E333-8FDC-42A3-9474-1A3956D46DE8}") = "4. Infrastructure", "4. Infrastructure", "{A642C422-B987-43FF-8DA3-832BC0A8FD9F}"
EndProject
Project("{2150E333-8FDC-42A3-9474-1A3956D46DE8}") = "5. Presentation", "5. Presentation", "{7BECF5BD-9827-44FB-AEC6-7A396C4A354C}"
EndProject
Project("{2150E333-8FDC-42A3-9474-1A3956D46DE8}") = "6. Tests", "6. Tests", "{DD868C36-9EEF-4E79-8351-FE98F36AD4C5}"
EndProject
Project("{FAE04EC0-301F-11D3-BF4B-00C04F79EFBC}") = "cardarticle.domain", "Domain\cardarticle.domain\cardarticle.domain.csproj", "{DEEBC0D6-2034-4756-9F1E-CD824E14A496}"
EndProject
Project("{FAE04EC0-301F-11D3-BF4B-00C04F79EFBC}") = "cardarticle.infrastructure", "Infrastructure\cardarticle.infrastructure\cardarticle.infrastructure.csproj", "{FDA61352-4DA9-453C-AEDF-4EE695C19AC1}"
EndProject
Project("{FAE04EC0-301F-11D3-BF4B-00C04F79EFBC}") = "cardarticle.core", "Core\cardarticle.core\cardarticle.core.csproj", "{CC681637-BF3F-434B-8B1D-89FA02354289}"
EndProject
Global
	GlobalSection(SolutionConfigurationPlatforms) = preSolution
		Debug|Any CPU = Debug|Any CPU
		Release|Any CPU = Release|Any CPU
	EndGlobalSection
	GlobalSection(ProjectConfigurationPlatforms) = postSolution
		{DEEBC0D6-2034-4756-9F1E-CD824E14A496}.Debug|Any CPU.ActiveCfg = Debug|Any CPU
		{DEEBC0D6-2034-4756-9F1E-CD824E14A496}.Debug|Any CPU.Build.0 = Debug|Any CPU
		{DEEBC0D6-2034-4756-9F1E-CD824E14A496}.Release|Any CPU.ActiveCfg = Release|Any CPU
		{DEEBC0D6-2034-4756-9F1E-CD824E14A496}.Release|Any CPU.Build.0 = Release|Any CPU
		{FDA61352-4DA9-453C-AEDF-4EE695C19AC1}.Debug|Any CPU.ActiveCfg = Debug|Any CPU
		{FDA61352-4DA9-453C-AEDF-4EE695C19AC1}.Debug|Any CPU.Build.0 = Debug|Any CPU
		{FDA61352-4DA9-453C-AEDF-4EE695C19AC1}.Release|Any CPU.ActiveCfg = Release|Any CPU
		{FDA61352-4DA9-453C-AEDF-4EE695C19AC1}.Release|Any CPU.Build.0 = Release|Any CPU
		{CC681637-BF3F-434B-8B1D-89FA02354289}.Debug|Any CPU.ActiveCfg = Debug|Any CPU
		{CC681637-BF3F-434B-8B1D-89FA02354289}.Debug|Any CPU.Build.0 = Debug|Any CPU
		{CC681637-BF3F-434B-8B1D-89FA02354289}.Release|Any CPU.ActiveCfg = Release|Any CPU
		{CC681637-BF3F-434B-8B1D-89FA02354289}.Release|Any CPU.Build.0 = Release|Any CPU
	EndGlobalSection
	GlobalSection(SolutionProperties) = preSolution
		HideSolutionNode = FALSE
	EndGlobalSection
	GlobalSection(NestedProjects) = preSolution
		{DEEBC0D6-2034-4756-9F1E-CD824E14A496} = {54226D23-E5C5-4B89-BA80-B7BFCC25C49E}
		{FDA61352-4DA9-453C-AEDF-4EE695C19AC1} = {A642C422-B987-43FF-8DA3-832BC0A8FD9F}
		{CC681637-BF3F-434B-8B1D-89FA02354289} = {B10EC495-D159-47E1-A19C-FDFB0BB13BE6}
	EndGlobalSection
	GlobalSection(ExtensibilityGlobals) = postSolution
		SolutionGuid = {6F4134B2-4A0B-4B6E-B357-0993EAFA7512}
	EndGlobalSection
EndGlobal
