
Microsoft Visual Studio Solution File, Format Version 12.00
# Visual Studio 15
VisualStudioVersion = 15.0.26430.15
MinimumVisualStudioVersion = 10.0.40219.1
Project("{2150E333-8FDC-42A3-9474-1A3956D46DE8}") = "1. Library", "1. Library", "{2F1429FD-47E8-43F0-A226-0CB98DB12414}"
EndProject
Project("{2150E333-8FDC-42A3-9474-1A3956D46DE8}") = "2. Tests", "2. Tests", "{DC4CE7B3-3AA4-49E4-ABB7-E1115150BD9E}"
EndProject
Project("{FAE04EC0-301F-11D3-BF4B-00C04F79EFBC}") = "yugioh_insight", "src\yugioh_insight\yugioh_insight.csproj", "{370F1298-42E8-4CC8-8AFB-7C0FF52C5E45}"
EndProject
Project("{FAE04EC0-301F-11D3-BF4B-00C04F79EFBC}") = "yugioh_insight.unit.tests", "tests\unit\yugioh_insight.unit.tests\yugioh_insight.unit.tests.csproj", "{454245D1-B4C5-4B92-B742-FD819C44F863}"
EndProject
Project("{FAE04EC0-301F-11D3-BF4B-00C04F79EFBC}") = "yugioh_insight.integration.tests", "tests\integration\yugioh_insight.integration.tests\yugioh_insight.integration.tests.csproj", "{3E4CB912-0EF3-4429-8F65-DAB1DED6EAEC}"
EndProject
Global
	GlobalSection(SolutionConfigurationPlatforms) = preSolution
		Debug|Any CPU = Debug|Any CPU
		Release|Any CPU = Release|Any CPU
	EndGlobalSection
	GlobalSection(ProjectConfigurationPlatforms) = postSolution
		{370F1298-42E8-4CC8-8AFB-7C0FF52C5E45}.Debug|Any CPU.ActiveCfg = Debug|Any CPU
		{370F1298-42E8-4CC8-8AFB-7C0FF52C5E45}.Debug|Any CPU.Build.0 = Debug|Any CPU
		{370F1298-42E8-4CC8-8AFB-7C0FF52C5E45}.Release|Any CPU.ActiveCfg = Release|Any CPU
		{370F1298-42E8-4CC8-8AFB-7C0FF52C5E45}.Release|Any CPU.Build.0 = Release|Any CPU
		{454245D1-B4C5-4B92-B742-FD819C44F863}.Debug|Any CPU.ActiveCfg = Debug|Any CPU
		{454245D1-B4C5-4B92-B742-FD819C44F863}.Debug|Any CPU.Build.0 = Debug|Any CPU
		{454245D1-B4C5-4B92-B742-FD819C44F863}.Release|Any CPU.ActiveCfg = Release|Any CPU
		{454245D1-B4C5-4B92-B742-FD819C44F863}.Release|Any CPU.Build.0 = Release|Any CPU
		{3E4CB912-0EF3-4429-8F65-DAB1DED6EAEC}.Debug|Any CPU.ActiveCfg = Debug|Any CPU
		{3E4CB912-0EF3-4429-8F65-DAB1DED6EAEC}.Debug|Any CPU.Build.0 = Debug|Any CPU
		{3E4CB912-0EF3-4429-8F65-DAB1DED6EAEC}.Release|Any CPU.ActiveCfg = Release|Any CPU
		{3E4CB912-0EF3-4429-8F65-DAB1DED6EAEC}.Release|Any CPU.Build.0 = Release|Any CPU
	EndGlobalSection
	GlobalSection(SolutionProperties) = preSolution
		HideSolutionNode = FALSE
	EndGlobalSection
	GlobalSection(NestedProjects) = preSolution
		{370F1298-42E8-4CC8-8AFB-7C0FF52C5E45} = {2F1429FD-47E8-43F0-A226-0CB98DB12414}
		{454245D1-B4C5-4B92-B742-FD819C44F863} = {DC4CE7B3-3AA4-49E4-ABB7-E1115150BD9E}
		{3E4CB912-0EF3-4429-8F65-DAB1DED6EAEC} = {DC4CE7B3-3AA4-49E4-ABB7-E1115150BD9E}
	EndGlobalSection
EndGlobal
