
Microsoft Visual Studio Solution File, Format Version 12.00
# Visual Studio Version 16
VisualStudioVersion = 16.0.28729.10
MinimumVisualStudioVersion = 10.0.40219.1
Project("{2150E333-8FDC-42A3-9474-1A3956D46DE8}") = "1. Core", "1. Core", "{2470943B-58D1-4289-909C-B5C2803D21D4}"
EndProject
Project("{2150E333-8FDC-42A3-9474-1A3956D46DE8}") = "2. Domain", "2. Domain", "{F1166679-0C6A-4D40-8C33-816788853F95}"
EndProject
Project("{2150E333-8FDC-42A3-9474-1A3956D46DE8}") = "3. Application", "3. Application", "{DBBD0115-B0F9-4A3E-8BF8-A009439B5271}"
EndProject
Project("{2150E333-8FDC-42A3-9474-1A3956D46DE8}") = "4. Infrastructure", "4. Infrastructure", "{AC7C0322-039D-4447-83EC-F9C8631AA85D}"
EndProject
Project("{2150E333-8FDC-42A3-9474-1A3956D46DE8}") = "5. Presentation", "5. Presentation", "{4DF5FDF4-E7E9-4645-80E3-7B1420E6D8D7}"
EndProject
Project("{2150E333-8FDC-42A3-9474-1A3956D46DE8}") = "6. Tests", "6. Tests", "{EB6DDE90-E72D-44BE-AB4B-F184BB56C20E}"
EndProject
Project("{9A19103F-16F7-4668-BE54-9A1E7A4F7556}") = "articledata.cardinformation", "Presentation\articledata.cardinformation\articledata.cardinformation.csproj", "{2730785D-83C6-47C1-B9BD-1F40B8AE9CF3}"
EndProject
Project("{9A19103F-16F7-4668-BE54-9A1E7A4F7556}") = "articledata.application", "Application\articledata.application\articledata.application.csproj", "{7DAB06A5-85C1-4029-87D2-26B4FFAC2542}"
EndProject
Project("{9A19103F-16F7-4668-BE54-9A1E7A4F7556}") = "articledata.domain", "Domain\articledata.domain\articledata.domain.csproj", "{A42492C4-60F9-4DFF-9643-CBEC9F970865}"
EndProject
Project("{9A19103F-16F7-4668-BE54-9A1E7A4F7556}") = "articledata.domain.unit.tests", "Tests\Unit\articledata.domain.unit.tests\articledata.domain.unit.tests.csproj", "{C8C40783-8091-48F3-B67B-CC69ED6EE638}"
EndProject
Project("{FAE04EC0-301F-11D3-BF4B-00C04F79EFBC}") = "articledata.tests.core", "Tests\articledata.tests.core\articledata.tests.core.csproj", "{DE125747-D0B1-465C-B5E2-7B50F85F2EFC}"
EndProject
Global
	GlobalSection(SolutionConfigurationPlatforms) = preSolution
		Debug|Any CPU = Debug|Any CPU
		Release|Any CPU = Release|Any CPU
	EndGlobalSection
	GlobalSection(ProjectConfigurationPlatforms) = postSolution
		{2730785D-83C6-47C1-B9BD-1F40B8AE9CF3}.Debug|Any CPU.ActiveCfg = Debug|Any CPU
		{2730785D-83C6-47C1-B9BD-1F40B8AE9CF3}.Debug|Any CPU.Build.0 = Debug|Any CPU
		{2730785D-83C6-47C1-B9BD-1F40B8AE9CF3}.Release|Any CPU.ActiveCfg = Release|Any CPU
		{2730785D-83C6-47C1-B9BD-1F40B8AE9CF3}.Release|Any CPU.Build.0 = Release|Any CPU
		{7DAB06A5-85C1-4029-87D2-26B4FFAC2542}.Debug|Any CPU.ActiveCfg = Debug|Any CPU
		{7DAB06A5-85C1-4029-87D2-26B4FFAC2542}.Debug|Any CPU.Build.0 = Debug|Any CPU
		{7DAB06A5-85C1-4029-87D2-26B4FFAC2542}.Release|Any CPU.ActiveCfg = Release|Any CPU
		{7DAB06A5-85C1-4029-87D2-26B4FFAC2542}.Release|Any CPU.Build.0 = Release|Any CPU
		{A42492C4-60F9-4DFF-9643-CBEC9F970865}.Debug|Any CPU.ActiveCfg = Debug|Any CPU
		{A42492C4-60F9-4DFF-9643-CBEC9F970865}.Debug|Any CPU.Build.0 = Debug|Any CPU
		{A42492C4-60F9-4DFF-9643-CBEC9F970865}.Release|Any CPU.ActiveCfg = Release|Any CPU
		{A42492C4-60F9-4DFF-9643-CBEC9F970865}.Release|Any CPU.Build.0 = Release|Any CPU
		{C8C40783-8091-48F3-B67B-CC69ED6EE638}.Debug|Any CPU.ActiveCfg = Debug|Any CPU
		{C8C40783-8091-48F3-B67B-CC69ED6EE638}.Debug|Any CPU.Build.0 = Debug|Any CPU
		{C8C40783-8091-48F3-B67B-CC69ED6EE638}.Release|Any CPU.ActiveCfg = Release|Any CPU
		{C8C40783-8091-48F3-B67B-CC69ED6EE638}.Release|Any CPU.Build.0 = Release|Any CPU
		{DE125747-D0B1-465C-B5E2-7B50F85F2EFC}.Debug|Any CPU.ActiveCfg = Debug|Any CPU
		{DE125747-D0B1-465C-B5E2-7B50F85F2EFC}.Debug|Any CPU.Build.0 = Debug|Any CPU
		{DE125747-D0B1-465C-B5E2-7B50F85F2EFC}.Release|Any CPU.ActiveCfg = Release|Any CPU
		{DE125747-D0B1-465C-B5E2-7B50F85F2EFC}.Release|Any CPU.Build.0 = Release|Any CPU
	EndGlobalSection
	GlobalSection(SolutionProperties) = preSolution
		HideSolutionNode = FALSE
	EndGlobalSection
	GlobalSection(NestedProjects) = preSolution
		{2730785D-83C6-47C1-B9BD-1F40B8AE9CF3} = {4DF5FDF4-E7E9-4645-80E3-7B1420E6D8D7}
		{7DAB06A5-85C1-4029-87D2-26B4FFAC2542} = {DBBD0115-B0F9-4A3E-8BF8-A009439B5271}
		{A42492C4-60F9-4DFF-9643-CBEC9F970865} = {F1166679-0C6A-4D40-8C33-816788853F95}
		{C8C40783-8091-48F3-B67B-CC69ED6EE638} = {EB6DDE90-E72D-44BE-AB4B-F184BB56C20E}
		{DE125747-D0B1-465C-B5E2-7B50F85F2EFC} = {EB6DDE90-E72D-44BE-AB4B-F184BB56C20E}
	EndGlobalSection
	GlobalSection(ExtensibilityGlobals) = postSolution
		SolutionGuid = {0D14F196-D144-43A5-9E1E-4A36D3F90602}
	EndGlobalSection
EndGlobal
